// !$*UTF8*$!
{
	archiveVersion = 1;
	classes = {
	};
	objectVersion = 48;
	objects = {

/* Begin PBXBuildFile section */
		2279956D201EB71B00D91EBB /* AppDelegate.swift in Sources */ = {isa = PBXBuildFile; fileRef = 2279956C201EB71B00D91EBB /* AppDelegate.swift */; };
		2279956F201EB71B00D91EBB /* ViewController.swift in Sources */ = {isa = PBXBuildFile; fileRef = 2279956E201EB71B00D91EBB /* ViewController.swift */; };
		22799572201EB71B00D91EBB /* Main.storyboard in Resources */ = {isa = PBXBuildFile; fileRef = 22799570201EB71B00D91EBB /* Main.storyboard */; };
		22799574201EB71B00D91EBB /* Assets.xcassets in Resources */ = {isa = PBXBuildFile; fileRef = 22799573201EB71B00D91EBB /* Assets.xcassets */; };
		22799577201EB71B00D91EBB /* LaunchScreen.storyboard in Resources */ = {isa = PBXBuildFile; fileRef = 22799575201EB71B00D91EBB /* LaunchScreen.storyboard */; };
		22799582201EB71B00D91EBB /* positionObjectTests.swift in Sources */ = {isa = PBXBuildFile; fileRef = 22799581201EB71B00D91EBB /* positionObjectTests.swift */; };
		2279958D201EB71B00D91EBB /* positionObjectUITests.swift in Sources */ = {isa = PBXBuildFile; fileRef = 2279958C201EB71B00D91EBB /* positionObjectUITests.swift */; };
		2279959B201EBC3100D91EBB /* Models.scnassets in Resources */ = {isa = PBXBuildFile; fileRef = 2279959A201EBC3100D91EBB /* Models.scnassets */; };
/* End PBXBuildFile section */

/* Begin PBXContainerItemProxy section */
		2279957E201EB71B00D91EBB /* PBXContainerItemProxy */ = {
			isa = PBXContainerItemProxy;
			containerPortal = 22799561201EB71B00D91EBB /* Project object */;
			proxyType = 1;
			remoteGlobalIDString = 22799568201EB71B00D91EBB;
			remoteInfo = positionObject;
		};
		22799589201EB71B00D91EBB /* PBXContainerItemProxy */ = {
			isa = PBXContainerItemProxy;
			containerPortal = 22799561201EB71B00D91EBB /* Project object */;
			proxyType = 1;
			remoteGlobalIDString = 22799568201EB71B00D91EBB;
			remoteInfo = positionObject;
		};
/* End PBXContainerItemProxy section */

/* Begin PBXFileReference section */
		22799569201EB71B00D91EBB /* positionObject.app */ = {isa = PBXFileReference; explicitFileType = wrapper.application; includeInIndex = 0; path = positionObject.app; sourceTree = BUILT_PRODUCTS_DIR; };
		2279956C201EB71B00D91EBB /* AppDelegate.swift */ = {isa = PBXFileReference; lastKnownFileType = sourcecode.swift; path = AppDelegate.swift; sourceTree = "<group>"; };
		2279956E201EB71B00D91EBB /* ViewController.swift */ = {isa = PBXFileReference; lastKnownFileType = sourcecode.swift; path = ViewController.swift; sourceTree = "<group>"; };
		22799571201EB71B00D91EBB /* Base */ = {isa = PBXFileReference; lastKnownFileType = file.storyboard; name = Base; path = Base.lproj/Main.storyboard; sourceTree = "<group>"; };
		22799573201EB71B00D91EBB /* Assets.xcassets */ = {isa = PBXFileReference; lastKnownFileType = folder.assetcatalog; path = Assets.xcassets; sourceTree = "<group>"; };
		22799576201EB71B00D91EBB /* Base */ = {isa = PBXFileReference; lastKnownFileType = file.storyboard; name = Base; path = Base.lproj/LaunchScreen.storyboard; sourceTree = "<group>"; };
		22799578201EB71B00D91EBB /* Info.plist */ = {isa = PBXFileReference; lastKnownFileType = text.plist.xml; path = Info.plist; sourceTree = "<group>"; };
		2279957D201EB71B00D91EBB /* positionObjectTests.xctest */ = {isa = PBXFileReference; explicitFileType = wrapper.cfbundle; includeInIndex = 0; path = positionObjectTests.xctest; sourceTree = BUILT_PRODUCTS_DIR; };
		22799581201EB71B00D91EBB /* positionObjectTests.swift */ = {isa = PBXFileReference; lastKnownFileType = sourcecode.swift; path = positionObjectTests.swift; sourceTree = "<group>"; };
		22799583201EB71B00D91EBB /* Info.plist */ = {isa = PBXFileReference; lastKnownFileType = text.plist.xml; path = Info.plist; sourceTree = "<group>"; };
		22799588201EB71B00D91EBB /* positionObjectUITests.xctest */ = {isa = PBXFileReference; explicitFileType = wrapper.cfbundle; includeInIndex = 0; path = positionObjectUITests.xctest; sourceTree = BUILT_PRODUCTS_DIR; };
		2279958C201EB71B00D91EBB /* positionObjectUITests.swift */ = {isa = PBXFileReference; lastKnownFileType = sourcecode.swift; path = positionObjectUITests.swift; sourceTree = "<group>"; };
		2279958E201EB71B00D91EBB /* Info.plist */ = {isa = PBXFileReference; lastKnownFileType = text.plist.xml; path = Info.plist; sourceTree = "<group>"; };
		2279959A201EBC3100D91EBB /* Models.scnassets */ = {isa = PBXFileReference; lastKnownFileType = wrapper.scnassets; path = Models.scnassets; sourceTree = "<group>"; };
/* End PBXFileReference section */

/* Begin PBXFrameworksBuildPhase section */
		22799566201EB71B00D91EBB /* Frameworks */ = {
			isa = PBXFrameworksBuildPhase;
			buildActionMask = 2147483647;
			files = (
			);
			runOnlyForDeploymentPostprocessing = 0;
		};
		2279957A201EB71B00D91EBB /* Frameworks */ = {
			isa = PBXFrameworksBuildPhase;
			buildActionMask = 2147483647;
			files = (
			);
			runOnlyForDeploymentPostprocessing = 0;
		};
		22799585201EB71B00D91EBB /* Frameworks */ = {
			isa = PBXFrameworksBuildPhase;
			buildActionMask = 2147483647;
			files = (
			);
			runOnlyForDeploymentPostprocessing = 0;
		};
/* End PBXFrameworksBuildPhase section */

/* Begin PBXGroup section */
		22799560201EB71B00D91EBB = {
			isa = PBXGroup;
			children = (
				2279956B201EB71B00D91EBB /* positionObject */,
				22799580201EB71B00D91EBB /* positionObjectTests */,
				2279958B201EB71B00D91EBB /* positionObjectUITests */,
				2279956A201EB71B00D91EBB /* Products */,
			);
			sourceTree = "<group>";
		};
		2279956A201EB71B00D91EBB /* Products */ = {
			isa = PBXGroup;
			children = (
				22799569201EB71B00D91EBB /* positionObject.app */,
				2279957D201EB71B00D91EBB /* positionObjectTests.xctest */,
				22799588201EB71B00D91EBB /* positionObjectUITests.xctest */,
			);
			name = Products;
			sourceTree = "<group>";
		};
		2279956B201EB71B00D91EBB /* positionObject */ = {
			isa = PBXGroup;
			children = (
				2279956C201EB71B00D91EBB /* AppDelegate.swift */,
				2279956E201EB71B00D91EBB /* ViewController.swift */,
				22799570201EB71B00D91EBB /* Main.storyboard */,
				22799573201EB71B00D91EBB /* Assets.xcassets */,
				2279959A201EBC3100D91EBB /* Models.scnassets */,
				22799575201EB71B00D91EBB /* LaunchScreen.storyboard */,
				22799578201EB71B00D91EBB /* Info.plist */,
			);
			path = positionObject;
			sourceTree = "<group>";
		};
		22799580201EB71B00D91EBB /* positionObjectTests */ = {
			isa = PBXGroup;
			children = (
				22799581201EB71B00D91EBB /* positionObjectTests.swift */,
				22799583201EB71B00D91EBB /* Info.plist */,
			);
			path = positionObjectTests;
			sourceTree = "<group>";
		};
		2279958B201EB71B00D91EBB /* positionObjectUITests */ = {
			isa = PBXGroup;
			children = (
				2279958C201EB71B00D91EBB /* positionObjectUITests.swift */,
				2279958E201EB71B00D91EBB /* Info.plist */,
			);
			path = positionObjectUITests;
			sourceTree = "<group>";
		};
/* End PBXGroup section */

/* Begin PBXNativeTarget section */
		22799568201EB71B00D91EBB /* positionObject */ = {
			isa = PBXNativeTarget;
			buildConfigurationList = 22799591201EB71B00D91EBB /* Build configuration list for PBXNativeTarget "positionObject" */;
			buildPhases = (
				22799565201EB71B00D91EBB /* Sources */,
				22799566201EB71B00D91EBB /* Frameworks */,
				22799567201EB71B00D91EBB /* Resources */,
			);
			buildRules = (
			);
			dependencies = (
			);
			name = positionObject;
			productName = positionObject;
			productReference = 22799569201EB71B00D91EBB /* positionObject.app */;
			productType = "com.apple.product-type.application";
		};
		2279957C201EB71B00D91EBB /* positionObjectTests */ = {
			isa = PBXNativeTarget;
			buildConfigurationList = 22799594201EB71B00D91EBB /* Build configuration list for PBXNativeTarget "positionObjectTests" */;
			buildPhases = (
				22799579201EB71B00D91EBB /* Sources */,
				2279957A201EB71B00D91EBB /* Frameworks */,
				2279957B201EB71B00D91EBB /* Resources */,
			);
			buildRules = (
			);
			dependencies = (
				2279957F201EB71B00D91EBB /* PBXTargetDependency */,
			);
			name = positionObjectTests;
			productName = positionObjectTests;
			productReference = 2279957D201EB71B00D91EBB /* positionObjectTests.xctest */;
			productType = "com.apple.product-type.bundle.unit-test";
		};
		22799587201EB71B00D91EBB /* positionObjectUITests */ = {
			isa = PBXNativeTarget;
			buildConfigurationList = 22799597201EB71B00D91EBB /* Build configuration list for PBXNativeTarget "positionObjectUITests" */;
			buildPhases = (
				22799584201EB71B00D91EBB /* Sources */,
				22799585201EB71B00D91EBB /* Frameworks */,
				22799586201EB71B00D91EBB /* Resources */,
			);
			buildRules = (
			);
			dependencies = (
				2279958A201EB71B00D91EBB /* PBXTargetDependency */,
			);
			name = positionObjectUITests;
			productName = positionObjectUITests;
			productReference = 22799588201EB71B00D91EBB /* positionObjectUITests.xctest */;
			productType = "com.apple.product-type.bundle.ui-testing";
		};
/* End PBXNativeTarget section */

/* Begin PBXProject section */
		22799561201EB71B00D91EBB /* Project object */ = {
			isa = PBXProject;
			attributes = {
				LastSwiftUpdateCheck = 0920;
				LastUpgradeCheck = 0920;
				ORGANIZATIONNAME = sugang;
				TargetAttributes = {
					22799568201EB71B00D91EBB = {
						CreatedOnToolsVersion = 9.2;
						ProvisioningStyle = Automatic;
					};
					2279957C201EB71B00D91EBB = {
						CreatedOnToolsVersion = 9.2;
						ProvisioningStyle = Automatic;
						TestTargetID = 22799568201EB71B00D91EBB;
					};
					22799587201EB71B00D91EBB = {
						CreatedOnToolsVersion = 9.2;
						ProvisioningStyle = Automatic;
						TestTargetID = 22799568201EB71B00D91EBB;
					};
				};
			};
			buildConfigurationList = 22799564201EB71B00D91EBB /* Build configuration list for PBXProject "positionObject" */;
			compatibilityVersion = "Xcode 8.0";
			developmentRegion = en;
			hasScannedForEncodings = 0;
			knownRegions = (
				en,
				Base,
			);
			mainGroup = 22799560201EB71B00D91EBB;
			productRefGroup = 2279956A201EB71B00D91EBB /* Products */;
			projectDirPath = "";
			projectRoot = "";
			targets = (
				22799568201EB71B00D91EBB /* positionObject */,
				2279957C201EB71B00D91EBB /* positionObjectTests */,
				22799587201EB71B00D91EBB /* positionObjectUITests */,
			);
		};
/* End PBXProject section */

/* Begin PBXResourcesBuildPhase section */
		22799567201EB71B00D91EBB /* Resources */ = {
			isa = PBXResourcesBuildPhase;
			buildActionMask = 2147483647;
			files = (
				22799577201EB71B00D91EBB /* LaunchScreen.storyboard in Resources */,
				2279959B201EBC3100D91EBB /* Models.scnassets in Resources */,
				22799574201EB71B00D91EBB /* Assets.xcassets in Resources */,
				22799572201EB71B00D91EBB /* Main.storyboard in Resources */,
			);
			runOnlyForDeploymentPostprocessing = 0;
		};
		2279957B201EB71B00D91EBB /* Resources */ = {
			isa = PBXResourcesBuildPhase;
			buildActionMask = 2147483647;
			files = (
			);
			runOnlyForDeploymentPostprocessing = 0;
		};
		22799586201EB71B00D91EBB /* Resources */ = {
			isa = PBXResourcesBuildPhase;
			buildActionMask = 2147483647;
			files = (
			);
			runOnlyForDeploymentPostprocessing = 0;
		};
/* End PBXResourcesBuildPhase section */

/* Begin PBXSourcesBuildPhase section */
		22799565201EB71B00D91EBB /* Sources */ = {
			isa = PBXSourcesBuildPhase;
			buildActionMask = 2147483647;
			files = (
				2279956F201EB71B00D91EBB /* ViewController.swift in Sources */,
				2279956D201EB71B00D91EBB /* AppDelegate.swift in Sources */,
			);
			runOnlyForDeploymentPostprocessing = 0;
		};
		22799579201EB71B00D91EBB /* Sources */ = {
			isa = PBXSourcesBuildPhase;
			buildActionMask = 2147483647;
			files = (
				22799582201EB71B00D91EBB /* positionObjectTests.swift in Sources */,
			);
			runOnlyForDeploymentPostprocessing = 0;
		};
		22799584201EB71B00D91EBB /* Sources */ = {
			isa = PBXSourcesBuildPhase;
			buildActionMask = 2147483647;
			files = (
				2279958D201EB71B00D91EBB /* positionObjectUITests.swift in Sources */,
			);
			runOnlyForDeploymentPostprocessing = 0;
		};
/* End PBXSourcesBuildPhase section */

/* Begin PBXTargetDependency section */
		2279957F201EB71B00D91EBB /* PBXTargetDependency */ = {
			isa = PBXTargetDependency;
			target = 22799568201EB71B00D91EBB /* positionObject */;
			targetProxy = 2279957E201EB71B00D91EBB /* PBXContainerItemProxy */;
		};
		2279958A201EB71B00D91EBB /* PBXTargetDependency */ = {
			isa = PBXTargetDependency;
			target = 22799568201EB71B00D91EBB /* positionObject */;
			targetProxy = 22799589201EB71B00D91EBB /* PBXContainerItemProxy */;
		};
/* End PBXTargetDependency section */

/* Begin PBXVariantGroup section */
		22799570201EB71B00D91EBB /* Main.storyboard */ = {
			isa = PBXVariantGroup;
			children = (
				22799571201EB71B00D91EBB /* Base */,
			);
			name = Main.storyboard;
			sourceTree = "<group>";
		};
		22799575201EB71B00D91EBB /* LaunchScreen.storyboard */ = {
			isa = PBXVariantGroup;
			children = (
				22799576201EB71B00D91EBB /* Base */,
			);
			name = LaunchScreen.storyboard;
			sourceTree = "<group>";
		};
/* End PBXVariantGroup section */

/* Begin XCBuildConfiguration section */
		2279958F201EB71B00D91EBB /* Debug */ = {
			isa = XCBuildConfiguration;
			buildSettings = {
				ALWAYS_SEARCH_USER_PATHS = NO;
				CLANG_ANALYZER_NONNULL = YES;
				CLANG_ANALYZER_NUMBER_OBJECT_CONVERSION = YES_AGGRESSIVE;
				CLANG_CXX_LANGUAGE_STANDARD = "gnu++14";
				CLANG_CXX_LIBRARY = "libc++";
				CLANG_ENABLE_MODULES = YES;
				CLANG_ENABLE_OBJC_ARC = YES;
				CLANG_WARN_BLOCK_CAPTURE_AUTORELEASING = YES;
				CLANG_WARN_BOOL_CONVERSION = YES;
				CLANG_WARN_COMMA = YES;
				CLANG_WARN_CONSTANT_CONVERSION = YES;
				CLANG_WARN_DIRECT_OBJC_ISA_USAGE = YES_ERROR;
				CLANG_WARN_DOCUMENTATION_COMMENTS = YES;
				CLANG_WARN_EMPTY_BODY = YES;
				CLANG_WARN_ENUM_CONVERSION = YES;
				CLANG_WARN_INFINITE_RECURSION = YES;
				CLANG_WARN_INT_CONVERSION = YES;
				CLANG_WARN_NON_LITERAL_NULL_CONVERSION = YES;
				CLANG_WARN_OBJC_LITERAL_CONVERSION = YES;
				CLANG_WARN_OBJC_ROOT_CLASS = YES_ERROR;
				CLANG_WARN_RANGE_LOOP_ANALYSIS = YES;
				CLANG_WARN_STRICT_PROTOTYPES = YES;
				CLANG_WARN_SUSPICIOUS_MOVE = YES;
				CLANG_WARN_UNGUARDED_AVAILABILITY = YES_AGGRESSIVE;
				CLANG_WARN_UNREACHABLE_CODE = YES;
				CLANG_WARN__DUPLICATE_METHOD_MATCH = YES;
				CODE_SIGN_IDENTITY = "iPhone Developer";
				COPY_PHASE_STRIP = NO;
				DEBUG_INFORMATION_FORMAT = dwarf;
				ENABLE_STRICT_OBJC_MSGSEND = YES;
				ENABLE_TESTABILITY = YES;
				GCC_C_LANGUAGE_STANDARD = gnu11;
				GCC_DYNAMIC_NO_PIC = NO;
				GCC_NO_COMMON_BLOCKS = YES;
				GCC_OPTIMIZATION_LEVEL = 0;
				GCC_PREPROCESSOR_DEFINITIONS = (
					"DEBUG=1",
					"$(inherited)",
				);
				GCC_WARN_64_TO_32_BIT_CONVERSION = YES;
				GCC_WARN_ABOUT_RETURN_TYPE = YES_ERROR;
				GCC_WARN_UNDECLARED_SELECTOR = YES;
				GCC_WARN_UNINITIALIZED_AUTOS = YES_AGGRESSIVE;
				GCC_WARN_UNUSED_FUNCTION = YES;
				GCC_WARN_UNUSED_VARIABLE = YES;
				IPHONEOS_DEPLOYMENT_TARGET = 11.2;
				MTL_ENABLE_DEBUG_INFO = YES;
				ONLY_ACTIVE_ARCH = YES;
				SDKROOT = iphoneos;
				SWIFT_ACTIVE_COMPILATION_CONDITIONS = DEBUG;
				SWIFT_OPTIMIZATION_LEVEL = "-Onone";
			};
			name = Debug;
		};
		22799590201EB71B00D91EBB /* Release */ = {
			isa = XCBuildConfiguration;
			buildSettings = {
				ALWAYS_SEARCH_USER_PATHS = NO;
				CLANG_ANALYZER_NONNULL = YES;
				CLANG_ANALYZER_NUMBER_OBJECT_CONVERSION = YES_AGGRESSIVE;
				CLANG_CXX_LANGUAGE_STANDARD = "gnu++14";
				CLANG_CXX_LIBRARY = "libc++";
				CLANG_ENABLE_MODULES = YES;
				CLANG_ENABLE_OBJC_ARC = YES;
				CLANG_WARN_BLOCK_CAPTURE_AUTORELEASING = YES;
				CLANG_WARN_BOOL_CONVERSION = YES;
				CLANG_WARN_COMMA = YES;
				CLANG_WARN_CONSTANT_CONVERSION = YES;
				CLANG_WARN_DIRECT_OBJC_ISA_USAGE = YES_ERROR;
				CLANG_WARN_DOCUMENTATION_COMMENTS = YES;
				CLANG_WARN_EMPTY_BODY = YES;
				CLANG_WARN_ENUM_CONVERSION = YES;
				CLANG_WARN_INFINITE_RECURSION = YES;
				CLANG_WARN_INT_CONVERSION = YES;
				CLANG_WARN_NON_LITERAL_NULL_CONVERSION = YES;
				CLANG_WARN_OBJC_LITERAL_CONVERSION = YES;
				CLANG_WARN_OBJC_ROOT_CLASS = YES_ERROR;
				CLANG_WARN_RANGE_LOOP_ANALYSIS = YES;
				CLANG_WARN_STRICT_PROTOTYPES = YES;
				CLANG_WARN_SUSPICIOUS_MOVE = YES;
				CLANG_WARN_UNGUARDED_AVAILABILITY = YES_AGGRESSIVE;
				CLANG_WARN_UNREACHABLE_CODE = YES;
				CLANG_WARN__DUPLICATE_METHOD_MATCH = YES;
				CODE_SIGN_IDENTITY = "iPhone Developer";
				COPY_PHASE_STRIP = NO;
				DEBUG_INFORMATION_FORMAT = "dwarf-with-dsym";
				ENABLE_NS_ASSERTIONS = NO;
				ENABLE_STRICT_OBJC_MSGSEND = YES;
				GCC_C_LANGUAGE_STANDARD = gnu11;
				GCC_NO_COMMON_BLOCKS = YES;
				GCC_WARN_64_TO_32_BIT_CONVERSION = YES;
				GCC_WARN_ABOUT_RETURN_TYPE = YES_ERROR;
				GCC_WARN_UNDECLARED_SELECTOR = YES;
				GCC_WARN_UNINITIALIZED_AUTOS = YES_AGGRESSIVE;
				GCC_WARN_UNUSED_FUNCTION = YES;
				GCC_WARN_UNUSED_VARIABLE = YES;
				IPHONEOS_DEPLOYMENT_TARGET = 11.2;
				MTL_ENABLE_DEBUG_INFO = NO;
				SDKROOT = iphoneos;
				SWIFT_OPTIMIZATION_LEVEL = "-Owholemodule";
				VALIDATE_PRODUCT = YES;
			};
			name = Release;
		};
		22799592201EB71B00D91EBB /* Debug */ = {
			isa = XCBuildConfiguration;
			buildSettings = {
				ASSETCATALOG_COMPILER_APPICON_NAME = AppIcon;
				CODE_SIGN_STYLE = Automatic;
				DEVELOPMENT_TEAM = G476VT3T47;
				INFOPLIST_FILE = positionObject/Info.plist;
				LD_RUNPATH_SEARCH_PATHS = "$(inherited) @executable_path/Frameworks";
				PRODUCT_BUNDLE_IDENTIFIER = alcherainc.positionObject;
				PRODUCT_NAME = "$(TARGET_NAME)";
				SWIFT_VERSION = 4.0;
				TARGETED_DEVICE_FAMILY = "1,2";
			};
			name = Debug;
		};
		22799593201EB71B00D91EBB /* Release */ = {
			isa = XCBuildConfiguration;
			buildSettings = {
				ASSETCATALOG_COMPILER_APPICON_NAME = AppIcon;
				CODE_SIGN_STYLE = Automatic;
				DEVELOPMENT_TEAM = G476VT3T47;
				INFOPLIST_FILE = positionObject/Info.plist;
				LD_RUNPATH_SEARCH_PATHS = "$(inherited) @executable_path/Frameworks";
				PRODUCT_BUNDLE_IDENTIFIER = alcherainc.positionObject;
				PRODUCT_NAME = "$(TARGET_NAME)";
				SWIFT_VERSION = 4.0;
				TARGETED_DEVICE_FAMILY = "1,2";
			};
			name = Release;
		};
		22799595201EB71B00D91EBB /* Debug */ = {
			isa = XCBuildConfiguration;
			buildSettings = {
				ALWAYS_EMBED_SWIFT_STANDARD_LIBRARIES = YES;
				BUNDLE_LOADER = "$(TEST_HOST)";
				CODE_SIGN_STYLE = Automatic;
				DEVELOPMENT_TEAM = G476VT3T47;
				INFOPLIST_FILE = positionObjectTests/Info.plist;
				LD_RUNPATH_SEARCH_PATHS = "$(inherited) @executable_path/Frameworks @loader_path/Frameworks";
				PRODUCT_BUNDLE_IDENTIFIER = alcherainc.positionObjectTests;
				PRODUCT_NAME = "$(TARGET_NAME)";
				SWIFT_VERSION = 4.0;
				TARGETED_DEVICE_FAMILY = "1,2";
				TEST_HOST = "$(BUILT_PRODUCTS_DIR)/positionObject.app/positionObject";
			};
			name = Debug;
		};
		22799596201EB71B00D91EBB /* Release */ = {
			isa = XCBuildConfiguration;
			buildSettings = {
				ALWAYS_EMBED_SWIFT_STANDARD_LIBRARIES = YES;
				BUNDLE_LOADER = "$(TEST_HOST)";
				CODE_SIGN_STYLE = Automatic;
				DEVELOPMENT_TEAM = G476VT3T47;
				INFOPLIST_FILE = positionObjectTests/Info.plist;
				LD_RUNPATH_SEARCH_PATHS = "$(inherited) @executable_path/Frameworks @loader_path/Frameworks";
				PRODUCT_BUNDLE_IDENTIFIER = alcherainc.positionObjectTests;
				PRODUCT_NAME = "$(TARGET_NAME)";
				SWIFT_VERSION = 4.0;
				TARGETED_DEVICE_FAMILY = "1,2";
				TEST_HOST = "$(BUILT_PRODUCTS_DIR)/positionObject.app/positionObject";
			};
			name = Release;
		};
		22799598201EB71B00D91EBB /* Debug */ = {
			isa = XCBuildConfiguration;
			buildSettings = {
				ALWAYS_EMBED_SWIFT_STANDARD_LIBRARIES = YES;
				CODE_SIGN_STYLE = Automatic;
				DEVELOPMENT_TEAM = G476VT3T47;
				INFOPLIST_FILE = positionObjectUITests/Info.plist;
				LD_RUNPATH_SEARCH_PATHS = "$(inherited) @executable_path/Frameworks @loader_path/Frameworks";
				PRODUCT_BUNDLE_IDENTIFIER = alcherainc.positionObjectUITests;
				PRODUCT_NAME = "$(TARGET_NAME)";
				SWIFT_VERSION = 4.0;
				TARGETED_DEVICE_FAMILY = "1,2";
				TEST_TARGET_NAME = positionObject;
			};
			name = Debug;
		};
		22799599201EB71B00D91EBB /* Release */ = {
			isa = XCBuildConfiguration;
			buildSettings = {
				ALWAYS_EMBED_SWIFT_STANDARD_LIBRARIES = YES;
				CODE_SIGN_STYLE = Automatic;
				DEVELOPMENT_TEAM = G476VT3T47;
				INFOPLIST_FILE = positionObjectUITests/Info.plist;
				LD_RUNPATH_SEARCH_PATHS = "$(inherited) @executable_path/Frameworks @loader_path/Frameworks";
				PRODUCT_BUNDLE_IDENTIFIER = alcherainc.positionObjectUITests;
				PRODUCT_NAME = "$(TARGET_NAME)";
				SWIFT_VERSION = 4.0;
				TARGETED_DEVICE_FAMILY = "1,2";
				TEST_TARGET_NAME = positionObject;
			};
			name = Release;
		};
/* End XCBuildConfiguration section */

/* Begin XCConfigurationList section */
		22799564201EB71B00D91EBB /* Build configuration list for PBXProject "positionObject" */ = {
			isa = XCConfigurationList;
			buildConfigurations = (
				2279958F201EB71B00D91EBB /* Debug */,
				22799590201EB71B00D91EBB /* Release */,
			);
			defaultConfigurationIsVisible = 0;
			defaultConfigurationName = Release;
		};
		22799591201EB71B00D91EBB /* Build configuration list for PBXNativeTarget "positionObject" */ = {
			isa = XCConfigurationList;
			buildConfigurations = (
				22799592201EB71B00D91EBB /* Debug */,
				22799593201EB71B00D91EBB /* Release */,
			);
			defaultConfigurationIsVisible = 0;
			defaultConfigurationName = Release;
		};
		22799594201EB71B00D91EBB /* Build configuration list for PBXNativeTarget "positionObjectTests" */ = {
			isa = XCConfigurationList;
			buildConfigurations = (
				22799595201EB71B00D91EBB /* Debug */,
				22799596201EB71B00D91EBB /* Release */,
			);
			defaultConfigurationIsVisible = 0;
			defaultConfigurationName = Release;
		};
		22799597201EB71B00D91EBB /* Build configuration list for PBXNativeTarget "positionObjectUITests" */ = {
			isa = XCConfigurationList;
			buildConfigurations = (
				22799598201EB71B00D91EBB /* Debug */,
				22799599201EB71B00D91EBB /* Release */,
			);
			defaultConfigurationIsVisible = 0;
			defaultConfigurationName = Release;
		};
/* End XCConfigurationList section */
	};
	rootObject = 22799561201EB71B00D91EBB /* Project object */;
}
